
Microsoft Visual Studio Solution File, Format Version 12.00
# Visual Studio 2012
Project("{FAE04EC0-301F-11D3-BF4B-00C04F79EFBC}") = "VideoStats", "VideoStats\VideoStats.csproj", "{DDB618ED-2639-452F-873E-41C69308473E}"
EndProject
Global
	GlobalSection(SolutionConfigurationPlatforms) = preSolution
		Debug|Any CPU = Debug|Any CPU
		Release|Any CPU = Release|Any CPU
	EndGlobalSection
	GlobalSection(ProjectConfigurationPlatforms) = postSolution
		{DDB618ED-2639-452F-873E-41C69308473E}.Debug|Any CPU.ActiveCfg = Debug|Any CPU
		{DDB618ED-2639-452F-873E-41C69308473E}.Debug|Any CPU.Build.0 = Debug|Any CPU
		{DDB618ED-2639-452F-873E-41C69308473E}.Release|Any CPU.ActiveCfg = Release|Any CPU
		{DDB618ED-2639-452F-873E-41C69308473E}.Release|Any CPU.Build.0 = Release|Any CPU
	EndGlobalSection
	GlobalSection(SolutionProperties) = preSolution
		HideSolutionNode = FALSE
	EndGlobalSection
EndGlobal
